
Microsoft Visual Studio Solution File, Format Version 12.00
# Visual Studio Version 16
VisualStudioVersion = 16.0.28803.452
MinimumVisualStudioVersion = 10.0.40219.1
Project("{9A19103F-16F7-4668-BE54-9A1E7A4F7556}") = "Minus", "Minus\Minus.csproj", "{48FF8F86-2DAD-412A-A2AD-F6A1CB881667}"
EndProject
Project("{9092AA53-FB77-4645-B42D-1CCCA6BD08BD}") = "Minus.WebUI", "Minus.WebUI\Minus.WebUI.njsproj", "{02FBCDD9-27F6-4DE6-A343-9EE7EF103A16}"
EndProject
Project("{9A19103F-16F7-4668-BE54-9A1E7A4F7556}") = "Entity", "Entity\Entity.csproj", "{DFB4E19D-5999-4D66-A74A-C174BB175937}"
EndProject
Project("{9A19103F-16F7-4668-BE54-9A1E7A4F7556}") = "AdminUI", "AdminUI\AdminUI.csproj", "{DF1320CD-537C-4319-9197-119C209DDEC9}"
EndProject
Project("{9A19103F-16F7-4668-BE54-9A1E7A4F7556}") = "Test", "Test\Test.csproj", "{EE4D9BF0-8A71-4043-B3A6-5BEDFC74BB93}"
EndProject
Project("{9A19103F-16F7-4668-BE54-9A1E7A4F7556}") = "DAL", "DAL\DAL.csproj", "{FF7D31BB-2708-40FD-8B78-15F57AEDC565}"
EndProject
Project("{9A19103F-16F7-4668-BE54-9A1E7A4F7556}") = "Service", "Service\Service.csproj", "{713ECE22-865E-4C34-BB01-E20521BBDCED}"
	ProjectSection(ProjectDependencies) = postProject
		{FF7D31BB-2708-40FD-8B78-15F57AEDC565} = {FF7D31BB-2708-40FD-8B78-15F57AEDC565}
	EndProjectSection
EndProject
Project("{9A19103F-16F7-4668-BE54-9A1E7A4F7556}") = "WebService", "WebService\WebService.csproj", "{DA37DB92-A357-4D23-A841-294A40A1FBE5}"
	ProjectSection(ProjectDependencies) = postProject
		{713ECE22-865E-4C34-BB01-E20521BBDCED} = {713ECE22-865E-4C34-BB01-E20521BBDCED}
	EndProjectSection
EndProject
Global
	GlobalSection(SolutionConfigurationPlatforms) = preSolution
		Debug|Any CPU = Debug|Any CPU
		Release|Any CPU = Release|Any CPU
	EndGlobalSection
	GlobalSection(ProjectConfigurationPlatforms) = postSolution
		{48FF8F86-2DAD-412A-A2AD-F6A1CB881667}.Debug|Any CPU.ActiveCfg = Debug|Any CPU
		{48FF8F86-2DAD-412A-A2AD-F6A1CB881667}.Debug|Any CPU.Build.0 = Debug|Any CPU
		{48FF8F86-2DAD-412A-A2AD-F6A1CB881667}.Release|Any CPU.ActiveCfg = Release|Any CPU
		{48FF8F86-2DAD-412A-A2AD-F6A1CB881667}.Release|Any CPU.Build.0 = Release|Any CPU
		{02FBCDD9-27F6-4DE6-A343-9EE7EF103A16}.Debug|Any CPU.ActiveCfg = Debug|Any CPU
		{02FBCDD9-27F6-4DE6-A343-9EE7EF103A16}.Debug|Any CPU.Build.0 = Debug|Any CPU
		{02FBCDD9-27F6-4DE6-A343-9EE7EF103A16}.Release|Any CPU.ActiveCfg = Release|Any CPU
		{02FBCDD9-27F6-4DE6-A343-9EE7EF103A16}.Release|Any CPU.Build.0 = Release|Any CPU
		{DFB4E19D-5999-4D66-A74A-C174BB175937}.Debug|Any CPU.ActiveCfg = Debug|Any CPU
		{DFB4E19D-5999-4D66-A74A-C174BB175937}.Debug|Any CPU.Build.0 = Debug|Any CPU
		{DFB4E19D-5999-4D66-A74A-C174BB175937}.Release|Any CPU.ActiveCfg = Release|Any CPU
		{DFB4E19D-5999-4D66-A74A-C174BB175937}.Release|Any CPU.Build.0 = Release|Any CPU
		{DF1320CD-537C-4319-9197-119C209DDEC9}.Debug|Any CPU.ActiveCfg = Debug|Any CPU
		{DF1320CD-537C-4319-9197-119C209DDEC9}.Debug|Any CPU.Build.0 = Debug|Any CPU
		{DF1320CD-537C-4319-9197-119C209DDEC9}.Release|Any CPU.ActiveCfg = Release|Any CPU
		{DF1320CD-537C-4319-9197-119C209DDEC9}.Release|Any CPU.Build.0 = Release|Any CPU
		{EE4D9BF0-8A71-4043-B3A6-5BEDFC74BB93}.Debug|Any CPU.ActiveCfg = Debug|Any CPU
		{EE4D9BF0-8A71-4043-B3A6-5BEDFC74BB93}.Debug|Any CPU.Build.0 = Debug|Any CPU
		{EE4D9BF0-8A71-4043-B3A6-5BEDFC74BB93}.Release|Any CPU.ActiveCfg = Release|Any CPU
		{EE4D9BF0-8A71-4043-B3A6-5BEDFC74BB93}.Release|Any CPU.Build.0 = Release|Any CPU
		{FF7D31BB-2708-40FD-8B78-15F57AEDC565}.Debug|Any CPU.ActiveCfg = Debug|Any CPU
		{FF7D31BB-2708-40FD-8B78-15F57AEDC565}.Debug|Any CPU.Build.0 = Debug|Any CPU
		{FF7D31BB-2708-40FD-8B78-15F57AEDC565}.Release|Any CPU.ActiveCfg = Release|Any CPU
		{FF7D31BB-2708-40FD-8B78-15F57AEDC565}.Release|Any CPU.Build.0 = Release|Any CPU
		{713ECE22-865E-4C34-BB01-E20521BBDCED}.Debug|Any CPU.ActiveCfg = Debug|Any CPU
		{713ECE22-865E-4C34-BB01-E20521BBDCED}.Debug|Any CPU.Build.0 = Debug|Any CPU
		{713ECE22-865E-4C34-BB01-E20521BBDCED}.Release|Any CPU.ActiveCfg = Release|Any CPU
		{713ECE22-865E-4C34-BB01-E20521BBDCED}.Release|Any CPU.Build.0 = Release|Any CPU
		{DA37DB92-A357-4D23-A841-294A40A1FBE5}.Debug|Any CPU.ActiveCfg = Debug|Any CPU
		{DA37DB92-A357-4D23-A841-294A40A1FBE5}.Debug|Any CPU.Build.0 = Debug|Any CPU
		{DA37DB92-A357-4D23-A841-294A40A1FBE5}.Release|Any CPU.ActiveCfg = Release|Any CPU
		{DA37DB92-A357-4D23-A841-294A40A1FBE5}.Release|Any CPU.Build.0 = Release|Any CPU
	EndGlobalSection
	GlobalSection(SolutionProperties) = preSolution
		HideSolutionNode = FALSE
	EndGlobalSection
	GlobalSection(ExtensibilityGlobals) = postSolution
		SolutionGuid = {3E33078D-DFF5-4222-8159-F36EE3F8108C}
	EndGlobalSection
EndGlobal
